<?xml version="1.0" encoding="utf-8"?>
<Project ToolsVersion="4.0" xmlns="http://schemas.microsoft.com/developer/msbuild/2003">
  <ItemGroup>
    <Filter Include="include">
      <UniqueIdentifier>{0c5a4272-b261-4af3-8708-f0a7b18e9eec}</UniqueIdentifier>
    </Filter>
    <Filter Include="src">
      <UniqueIdentifier>{1f887fe5-2b59-4275-bbec-d57af3eb0079}</UniqueIdentifier>
    </Filter>
    <Filter Include="src\client">
      <UniqueIdentifier>{52e7bf97-be49-45ed-9f85-e4257a0a8266}</UniqueIdentifier>
    </Filter>
    <Filter Include="src\server">
      <UniqueIdentifier>{e653d000-0581-43a7-b1a3-e7a37da019db}</UniqueIdentifier>
    </Filter>
    <Filter Include="src\compression">
      <UniqueIdentifier>{15ae4011-381d-44f2-9b7a-5d5569e15d91}</UniqueIdentifier>
    </Filter>
    <Filter Include="src\compression\zlib">
      <UniqueIdentifier>{16ba0cdf-62a6-4720-9443-01315be4e38e}</UniqueIdentifier>
    </Filter>
  </ItemGroup>
  <ItemGroup>
    <ClCompile Include="src\BitStreamReader.cpp">
      <Filter>src</Filter>
    </ClCompile>
    <ClCompile Include="src\BitStreamWriter.cpp">
      <Filter>src</Filter>
    </ClCompile>
    <ClCompile Include="src\nsl.cpp">
      <Filter>src</Filter>
    </ClCompile>
    <ClCompile Include="src\ObjectClassDefinition.cpp">
      <Filter>src</Filter>
    </ClCompile>
    <ClCompile Include="src\client\Client.cpp">
      <Filter>src\client</Filter>
    </ClCompile>
    <ClCompile Include="src\client\ClientImpl.cpp">
      <Filter>src\client</Filter>
    </ClCompile>
    <ClCompile Include="src\client\ClientObject.cpp">
      <Filter>src\client</Filter>
    </ClCompile>
    <ClCompile Include="src\client\Connection.cpp">
      <Filter>src\client</Filter>
    </ClCompile>
    <ClCompile Include="src\client\CustomMessageBuffer.cpp">
      <Filter>src\client</Filter>
    </ClCompile>
    <ClCompile Include="src\client\HistoryBuffer.cpp">
      <Filter>src\client</Filter>
    </ClCompile>
    <ClCompile Include="src\client\NetworkObject.cpp">
      <Filter>src\client</Filter>
    </ClCompile>
    <ClCompile Include="src\client\ObjectManager.cpp">
      <Filter>src\client</Filter>
    </ClCompile>
    <ClCompile Include="src\server\Connection.cpp">
      <Filter>src\server</Filter>
    </ClCompile>
    <ClCompile Include="src\server\HistoryBuffer.cpp">
      <Filter>src\server</Filter>
    </ClCompile>
    <ClCompile Include="src\server\NetworkObject.cpp">
      <Filter>src\server</Filter>
    </ClCompile>
    <ClCompile Include="src\server\ObjectManager.cpp">
      <Filter>src\server</Filter>
    </ClCompile>
    <ClCompile Include="src\server\Peer.cpp">
      <Filter>src\server</Filter>
    </ClCompile>
    <ClCompile Include="src\server\Server.cpp">
      <Filter>src\server</Filter>
    </ClCompile>
    <ClCompile Include="src\server\ServerImpl.cpp">
      <Filter>src\server</Filter>
    </ClCompile>
    <ClCompile Include="src\server\ServerObject.cpp">
      <Filter>src\server</Filter>
    </ClCompile>
    <ClCompile Include="dllmain.cpp" />
    <ClCompile Include="src\Socket.cpp">
      <Filter>src</Filter>
    </ClCompile>
    <ClCompile Include="src\server\UserPeer.cpp">
      <Filter>src\server</Filter>
    </ClCompile>
    <ClCompile Include="src\server\ProtocolParser.cpp">
      <Filter>src\server</Filter>
    </ClCompile>
    <ClCompile Include="src\client\ProtocolParser.cpp">
      <Filter>src\client</Filter>
    </ClCompile>
    <ClCompile Include="src\compression\compression.cpp">
      <Filter>src\compression</Filter>
    </ClCompile>
    <ClCompile Include="src\compression\lz4.c">
      <Filter>src\compression</Filter>
    </ClCompile>
    <ClCompile Include="src\compression\zlib\deflate.c">
      <Filter>src\compression\zlib</Filter>
    </ClCompile>
    <ClCompile Include="src\compression\zlib\inftrees.c">
      <Filter>src\compression\zlib</Filter>
    </ClCompile>
    <ClCompile Include="src\compression\zlib\gzwrite.c">
      <Filter>src\compression\zlib</Filter>
    </ClCompile>
    <ClCompile Include="src\compression\zlib\gzlib.c">
      <Filter>src\compression\zlib</Filter>
    </ClCompile>
    <ClCompile Include="src\compression\zlib\gzread.c">
      <Filter>src\compression\zlib</Filter>
    </ClCompile>
    <ClCompile Include="src\compression\zlib\inffast.c">
      <Filter>src\compression\zlib</Filter>
    </ClCompile>
    <ClCompile Include="src\compression\zlib\compress.c">
      <Filter>src\compression\zlib</Filter>
    </ClCompile>
    <ClCompile Include="src\compression\zlib\infback.c">
      <Filter>src\compression\zlib</Filter>
    </ClCompile>
    <ClCompile Include="src\compression\zlib\inflate.c">
      <Filter>src\compression\zlib</Filter>
    </ClCompile>
    <ClCompile Include="src\compression\zlib\trees.c">
      <Filter>src\compression\zlib</Filter>
    </ClCompile>
    <ClCompile Include="src\compression\zlib\uncompr.c">
      <Filter>src\compression\zlib</Filter>
    </ClCompile>
    <ClCompile Include="src\compression\zlib\zutil.c">
      <Filter>src\compression\zlib</Filter>
    </ClCompile>
    <ClCompile Include="src\compression\zlib\crc32.c">
      <Filter>src\compression\zlib</Filter>
    </ClCompile>
    <ClCompile Include="src\compression\zlib\adler32.c">
      <Filter>src\compression\zlib</Filter>
    </ClCompile>
    <ClCompile Include="src\compression\zlib\gzclose.c">
      <Filter>src\compression\zlib</Filter>
    </ClCompile>
  </ItemGroup>
  <ItemGroup>
    <ClInclude Include="include\nsl.h">
      <Filter>include</Filter>
    </ClInclude>
    <ClInclude Include="include\nslBitStream.h">
      <Filter>include</Filter>
    </ClInclude>
    <ClInclude Include="include\nslClient.h">
      <Filter>include</Filter>
    </ClInclude>
    <ClInclude Include="include\nslServer.h">
      <Filter>include</Filter>
    </ClInclude>
    <ClInclude Include="src\ObjectClassDefinition.h">
      <Filter>src</Filter>
    </ClInclude>
    <ClInclude Include="src\client\ClientImpl.h">
      <Filter>src\client</Filter>
    </ClInclude>
    <ClInclude Include="src\client\Connection.h">
      <Filter>src\client</Filter>
    </ClInclude>
    <ClInclude Include="src\client\CustomMessageBuffer.h">
      <Filter>src\client</Filter>
    </ClInclude>
    <ClInclude Include="src\client\HistoryBuffer.h">
      <Filter>src\client</Filter>
    </ClInclude>
    <ClInclude Include="src\client\NetworkObject.h">
      <Filter>src\client</Filter>
    </ClInclude>
    <ClInclude Include="src\client\ObjectManager.h">
      <Filter>src\client</Filter>
    </ClInclude>
    <ClInclude Include="src\server\Connection.h">
      <Filter>src\server</Filter>
    </ClInclude>
    <ClInclude Include="src\server\HistoryBuffer.h">
      <Filter>src\server</Filter>
    </ClInclude>
    <ClInclude Include="src\server\NetworkObject.h">
      <Filter>src\server</Filter>
    </ClInclude>
    <ClInclude Include="src\server\ObjectManager.h">
      <Filter>src\server</Filter>
    </ClInclude>
    <ClInclude Include="src\server\Peer.h">
      <Filter>src\server</Filter>
    </ClInclude>
    <ClInclude Include="src\server\ServerImpl.h">
      <Filter>src\server</Filter>
    </ClInclude>
    <ClInclude Include="src\configuration.h">
      <Filter>src</Filter>
    </ClInclude>
    <ClInclude Include="src\Socket.h">
      <Filter>src</Filter>
    </ClInclude>
    <ClInclude Include="src\server\ProtocolParser.h">
      <Filter>src\server</Filter>
    </ClInclude>
    <ClInclude Include="include\nslReflection.h">
      <Filter>include</Filter>
    </ClInclude>
    <ClInclude Include="src\client\ProtocolParser.h">
      <Filter>src\client</Filter>
    </ClInclude>
    <ClInclude Include="src\compression\compression.h">
      <Filter>src\compression</Filter>
    </ClInclude>
    <ClInclude Include="src\compression\lz4.h">
      <Filter>src\compression</Filter>
    </ClInclude>
    <ClInclude Include="src\compression\lz4_encoder.h">
      <Filter>src\compression</Filter>
    </ClInclude>
    <ClInclude Include="src\compression\lz4_decoder.h">
      <Filter>src\compression</Filter>
    </ClInclude>
    <ClInclude Include="src\compression\zlib\zlib.h">
      <Filter>src\compression\zlib</Filter>
    </ClInclude>
    <ClInclude Include="src\compression\zlib\zconf.h">
      <Filter>src\compression\zlib</Filter>
    </ClInclude>
    <ClInclude Include="src\compression\zlib\gzguts.h">
      <Filter>src\compression\zlib</Filter>
    </ClInclude>
    <ClInclude Include="src\compression\zlib\zutil.h">
      <Filter>src\compression\zlib</Filter>
    </ClInclude>
    <ClInclude Include="src\compression\zlib\deflate.h">
      <Filter>src\compression\zlib</Filter>
    </ClInclude>
    <ClInclude Include="src\compression\zlib\crc32.h">
      <Filter>src\compression\zlib</Filter>
    </ClInclude>
    <ClInclude Include="src\compression\zlib\inffixed.h">
      <Filter>src\compression\zlib</Filter>
    </ClInclude>
    <ClInclude Include="src\compression\zlib\inffast.h">
      <Filter>src\compression\zlib</Filter>
    </ClInclude>
    <ClInclude Include="src\compression\zlib\inftrees.h">
      <Filter>src\compression\zlib</Filter>
    </ClInclude>
    <ClInclude Include="src\compression\zlib\trees.h">
      <Filter>src\compression\zlib</Filter>
    </ClInclude>
    <ClInclude Include="src\compression\zlib\inflate.h">
      <Filter>src\compression\zlib</Filter>
    </ClInclude>
  </ItemGroup>
</Project>