<?xml version="1.0" encoding="utf-8"?>
<Project ToolsVersion="4.0" xmlns="http://schemas.microsoft.com/developer/msbuild/2003">
  <ItemGroup>
    <Filter Include="include">
      <UniqueIdentifier>{0c5a4272-b261-4af3-8708-f0a7b18e9eec}</UniqueIdentifier>
    </Filter>
    <Filter Include="src">
      <UniqueIdentifier>{1f887fe5-2b59-4275-bbec-d57af3eb0079}</UniqueIdentifier>
    </Filter>
    <Filter Include="src\client">
      <UniqueIdentifier>{52e7bf97-be49-45ed-9f85-e4257a0a8266}</UniqueIdentifier>
    </Filter>
    <Filter Include="src\server">
      <UniqueIdentifier>{e653d000-0581-43a7-b1a3-e7a37da019db}</UniqueIdentifier>
    </Filter>
    <Filter Include="test">
      <UniqueIdentifier>{67ca03f2-ad94-4cd2-a466-4f05122abd03}</UniqueIdentifier>
    </Filter>
    <Filter Include="src\lz4">
      <UniqueIdentifier>{c179ea8d-826e-4ae7-b5e6-7d84b74cafc5}</UniqueIdentifier>
    </Filter>
  </ItemGroup>
  <ItemGroup>
    <ClCompile Include="src\BitStreamReader.cpp">
      <Filter>src</Filter>
    </ClCompile>
    <ClCompile Include="src\BitStreamWriter.cpp">
      <Filter>src</Filter>
    </ClCompile>
    <ClCompile Include="src\nsl.cpp">
      <Filter>src</Filter>
    </ClCompile>
    <ClCompile Include="src\ObjectClassDefinition.cpp">
      <Filter>src</Filter>
    </ClCompile>
    <ClCompile Include="src\client\Client.cpp">
      <Filter>src\client</Filter>
    </ClCompile>
    <ClCompile Include="src\client\ClientImpl.cpp">
      <Filter>src\client</Filter>
    </ClCompile>
    <ClCompile Include="src\client\ClientObject.cpp">
      <Filter>src\client</Filter>
    </ClCompile>
    <ClCompile Include="src\client\Connection.cpp">
      <Filter>src\client</Filter>
    </ClCompile>
    <ClCompile Include="src\client\CustomMessageBuffer.cpp">
      <Filter>src\client</Filter>
    </ClCompile>
    <ClCompile Include="src\client\HistoryBuffer.cpp">
      <Filter>src\client</Filter>
    </ClCompile>
    <ClCompile Include="src\client\NetworkObject.cpp">
      <Filter>src\client</Filter>
    </ClCompile>
    <ClCompile Include="src\client\ObjectManager.cpp">
      <Filter>src\client</Filter>
    </ClCompile>
    <ClCompile Include="src\server\Connection.cpp">
      <Filter>src\server</Filter>
    </ClCompile>
    <ClCompile Include="src\server\HistoryBuffer.cpp">
      <Filter>src\server</Filter>
    </ClCompile>
    <ClCompile Include="src\server\NetworkObject.cpp">
      <Filter>src\server</Filter>
    </ClCompile>
    <ClCompile Include="src\server\ObjectManager.cpp">
      <Filter>src\server</Filter>
    </ClCompile>
    <ClCompile Include="src\server\Peer.cpp">
      <Filter>src\server</Filter>
    </ClCompile>
    <ClCompile Include="src\server\Server.cpp">
      <Filter>src\server</Filter>
    </ClCompile>
    <ClCompile Include="src\server\ServerImpl.cpp">
      <Filter>src\server</Filter>
    </ClCompile>
    <ClCompile Include="src\server\ServerObject.cpp">
      <Filter>src\server</Filter>
    </ClCompile>
    <ClCompile Include="dllmain.cpp" />
    <ClCompile Include="src\Socket.cpp">
      <Filter>src</Filter>
    </ClCompile>
    <ClCompile Include="src\lz4\lz4.c">
      <Filter>src\lz4</Filter>
    </ClCompile>
    <ClCompile Include="src\server\UserPeer.cpp">
      <Filter>src\server</Filter>
    </ClCompile>
  </ItemGroup>
  <ItemGroup>
    <ClInclude Include="include\nsl.h">
      <Filter>include</Filter>
    </ClInclude>
    <ClInclude Include="include\nslBitStream.h">
      <Filter>include</Filter>
    </ClInclude>
    <ClInclude Include="include\nslClient.h">
      <Filter>include</Filter>
    </ClInclude>
    <ClInclude Include="include\nslReflexion.h">
      <Filter>include</Filter>
    </ClInclude>
    <ClInclude Include="include\nslServer.h">
      <Filter>include</Filter>
    </ClInclude>
    <ClInclude Include="src\ObjectClassDefinition.h">
      <Filter>src</Filter>
    </ClInclude>
    <ClInclude Include="src\client\ClientImpl.h">
      <Filter>src\client</Filter>
    </ClInclude>
    <ClInclude Include="src\client\Connection.h">
      <Filter>src\client</Filter>
    </ClInclude>
    <ClInclude Include="src\client\CustomMessageBuffer.h">
      <Filter>src\client</Filter>
    </ClInclude>
    <ClInclude Include="src\client\HistoryBuffer.h">
      <Filter>src\client</Filter>
    </ClInclude>
    <ClInclude Include="src\client\NetworkObject.h">
      <Filter>src\client</Filter>
    </ClInclude>
    <ClInclude Include="src\client\ObjectManager.h">
      <Filter>src\client</Filter>
    </ClInclude>
    <ClInclude Include="src\server\Connection.h">
      <Filter>src\server</Filter>
    </ClInclude>
    <ClInclude Include="src\server\HistoryBuffer.h">
      <Filter>src\server</Filter>
    </ClInclude>
    <ClInclude Include="src\server\NetworkObject.h">
      <Filter>src\server</Filter>
    </ClInclude>
    <ClInclude Include="src\server\ObjectManager.h">
      <Filter>src\server</Filter>
    </ClInclude>
    <ClInclude Include="src\server\Peer.h">
      <Filter>src\server</Filter>
    </ClInclude>
    <ClInclude Include="src\server\ServerImpl.h">
      <Filter>src\server</Filter>
    </ClInclude>
    <ClInclude Include="src\configuration.h">
      <Filter>src</Filter>
    </ClInclude>
    <ClInclude Include="src\Socket.h">
      <Filter>src</Filter>
    </ClInclude>
    <ClInclude Include="src\lz4\lz4.h">
      <Filter>src\lz4</Filter>
    </ClInclude>
  </ItemGroup>
</Project>