<?xml version="1.0" encoding="utf-8"?>
<Project ToolsVersion="4.0" xmlns="http://schemas.microsoft.com/developer/msbuild/2003">
  <ItemGroup>
    <ClCompile Include="stdafx.cpp" />
    <ClCompile Include="NslTestServer.cpp" />
  </ItemGroup>
  <ItemGroup>
    <ClInclude Include="stdafx.h" />
    <ClInclude Include="targetver.h" />
    <ClInclude Include="include\nsl.h">
      <Filter>include</Filter>
    </ClInclude>
    <ClInclude Include="include\nslBitStream.h">
      <Filter>include</Filter>
    </ClInclude>
    <ClInclude Include="include\nslClient.h">
      <Filter>include</Filter>
    </ClInclude>
    <ClInclude Include="include\nslReflexion.h">
      <Filter>include</Filter>
    </ClInclude>
    <ClInclude Include="include\nslServer.h">
      <Filter>include</Filter>
    </ClInclude>
  </ItemGroup>
  <ItemGroup>
    <None Include="ReadMe.txt" />
  </ItemGroup>
  <ItemGroup>
    <Filter Include="include">
      <UniqueIdentifier>{2172f757-d6b5-4c20-b55c-52246a565415}</UniqueIdentifier>
    </Filter>
  </ItemGroup>
</Project>